
Microsoft Visual Studio Solution File, Format Version 11.00
# Visual Studio 2010
Project("{FAE04EC0-301F-11D3-BF4B-00C04F79EFBC}") = "gpu-physics-unity", "Assembly-CSharp.csproj", "{E45C81F4-623A-1C89-FCF8-E6463E419465}"
EndProject
Global
	GlobalSection(SolutionConfigurationPlatforms) = preSolution
		Debug|Any CPU = Debug|Any CPU
		Release|Any CPU = Release|Any CPU
	EndGlobalSection
	GlobalSection(ProjectConfigurationPlatforms) = postSolution
		{E45C81F4-623A-1C89-FCF8-E6463E419465}.Debug|Any CPU.ActiveCfg = Debug|Any CPU
		{E45C81F4-623A-1C89-FCF8-E6463E419465}.Debug|Any CPU.Build.0 = Debug|Any CPU
		{E45C81F4-623A-1C89-FCF8-E6463E419465}.Release|Any CPU.ActiveCfg = Release|Any CPU
		{E45C81F4-623A-1C89-FCF8-E6463E419465}.Release|Any CPU.Build.0 = Release|Any CPU
	EndGlobalSection
	GlobalSection(SolutionProperties) = preSolution
		HideSolutionNode = FALSE
	EndGlobalSection
	GlobalSection(MonoDevelopProperties) = preSolution
		StartupItem = Assembly-CSharp.csproj
	EndGlobalSection
EndGlobal
